lockfileVersion: '9.0'

settings:
  autoInstallPeers: true
  excludeLinksFromLockfile: false

importers:

  .:
    devDependencies:
      '@types/react-router-dom':
        specifier: ^5.3.3
        version: 5.3.3

packages:

  '@types/history@4.7.11':
    resolution: {integrity: sha512-qjDJRrmvBMiTx+jyLxvLfJU7UznFuokDv4f3WRuriHKERccVpFU+8XMQUAbDzoiJCsmexxRExQeMwwCdamSKDA==}

  '@types/react-router-dom@5.3.3':
    resolution: {integrity: sha512-kpqnYK4wcdm5UaWI3fLcELopqLrHgLqNsdpHauzlQktfkHL3npOSwtj1Uz9oKBAzs7lFtVkV8j83voAz2D8fhw==}

  '@types/react-router@5.1.20':
    resolution: {integrity: sha512-jGjmu/ZqS7FjSH6owMcD5qpq19+1RS9DeVRqfl1FeBMxTDQAGwlMWOcs52NDoXaNKyG3d1cYQFMs9rCrb88o9Q==}

  '@types/react@19.0.6':
    resolution: {integrity: sha512-gIlMztcTeDgXCUj0vCBOqEuSEhX//63fW9SZtCJ+agxoQTOklwDfiEMlTWn4mR/C/UK5VHlpwsCsOyf7/hc4lw==}

  csstype@3.1.3:
    resolution: {integrity: sha512-M1uQkMl8rQK/szD0LNhtqxIPLpimGm8sOBwU7lLnCpSbTyY3yeU1Vc7l4KT5zT4s/yOxHH5O7tIuuLOCnLADRw==}

snapshots:

  '@types/history@4.7.11': {}

  '@types/react-router-dom@5.3.3':
    dependencies:
      '@types/history': 4.7.11
      '@types/react': 19.0.6
      '@types/react-router': 5.1.20

  '@types/react-router@5.1.20':
    dependencies:
      '@types/history': 4.7.11
      '@types/react': 19.0.6

  '@types/react@19.0.6':
    dependencies:
      csstype: 3.1.3

  csstype@3.1.3: {}
